
Microsoft Visual Studio Solution File, Format Version 12.00
# Visual Studio 15
VisualStudioVersion = 15.0.26730.12
MinimumVisualStudioVersion = 10.0.40219.1
Project("{FAE04EC0-301F-11D3-BF4B-00C04F79EFBC}") = "Months and years", "Months and years\Months and years.csproj", "{97EF4C0F-8A85-47CA-B13F-8F5CDA3D8E44}"
EndProject
Global
	GlobalSection(SolutionConfigurationPlatforms) = preSolution
		Debug|Any CPU = Debug|Any CPU
		Release|Any CPU = Release|Any CPU
	EndGlobalSection
	GlobalSection(ProjectConfigurationPlatforms) = postSolution
		{97EF4C0F-8A85-47CA-B13F-8F5CDA3D8E44}.Debug|Any CPU.ActiveCfg = Debug|Any CPU
		{97EF4C0F-8A85-47CA-B13F-8F5CDA3D8E44}.Debug|Any CPU.Build.0 = Debug|Any CPU
		{97EF4C0F-8A85-47CA-B13F-8F5CDA3D8E44}.Release|Any CPU.ActiveCfg = Release|Any CPU
		{97EF4C0F-8A85-47CA-B13F-8F5CDA3D8E44}.Release|Any CPU.Build.0 = Release|Any CPU
	EndGlobalSection
	GlobalSection(SolutionProperties) = preSolution
		HideSolutionNode = FALSE
	EndGlobalSection
	GlobalSection(ExtensibilityGlobals) = postSolution
		SolutionGuid = {FF707E53-28CD-49D1-8876-B91A65CF145C}
	EndGlobalSection
EndGlobal
